
Microsoft Visual Studio Solution File, Format Version 12.00
# Visual Studio Version 16
VisualStudioVersion = 16.0.33027.164
MinimumVisualStudioVersion = 10.0.40219.1
Project("{FAE04EC0-301F-11D3-BF4B-00C04F79EFBC}") = "PariPlayCars.Web", "PariPlayCars.Web\PariPlayCars.Web.csproj", "{3695CA51-2DD1-4A53-B786-9C11335DB1FE}"
EndProject
Project("{2150E333-8FDC-42A3-9474-1A3956D46DE8}") = "Web", "Web", "{F547631C-F104-4C51-8645-B2C622C1350F}"
EndProject
Project("{FAE04EC0-301F-11D3-BF4B-00C04F79EFBC}") = "PariPlayCars.WebAPI", "PariPlayCars.WebAPI\PariPlayCars.WebAPI.csproj", "{7F503B67-1E6B-4973-8F49-C3A11CD4240A}"
EndProject
Project("{2150E333-8FDC-42A3-9474-1A3956D46DE8}") = "Data", "Data", "{5479B2B2-7D1A-437A-B477-E0C761710A35}"
EndProject
Project("{FAE04EC0-301F-11D3-BF4B-00C04F79EFBC}") = "PariPlayCars.Data", "PariPlayCars.Data\PariPlayCars.Data.csproj", "{54FDCD87-CEC3-491F-AC0D-7DEB0D98A9ED}"
EndProject
Project("{2150E333-8FDC-42A3-9474-1A3956D46DE8}") = "Services", "Services", "{AE576D5E-2989-445A-AACE-BCCAD206145C}"
EndProject
Project("{FAE04EC0-301F-11D3-BF4B-00C04F79EFBC}") = "PariPlayCars.Services.DataServices", "PariPlayCars.Services.DataServices\PariPlayCars.Services.DataServices.csproj", "{6D848DBF-27F1-4D48-83BF-4226321D3B27}"
EndProject
Project("{2150E333-8FDC-42A3-9474-1A3956D46DE8}") = "Tests", "Tests", "{CA9AD019-AAF0-4572-A249-100886D82C38}"
EndProject
Project("{FAE04EC0-301F-11D3-BF4B-00C04F79EFBC}") = "PariPlayCars.Services.Tests", "PariPlayCars.Services.Tests\PariPlayCars.Services.Tests.csproj", "{EAE96A00-D7DE-4418-AC09-5127436E90EB}"
EndProject
Project("{2150E333-8FDC-42A3-9474-1A3956D46DE8}") = "UnifOfWorkDbContext", "UnifOfWorkDbContext", "{85CC7A6F-253F-47D3-9B60-AA507D0CF0B5}"
EndProject
Project("{FAE04EC0-301F-11D3-BF4B-00C04F79EFBC}") = "PariplayCars.Data.UnifOfWorkDbContext", "AbstractDbContext\PariplayCars.Data.UnifOfWorkDbContext.csproj", "{2D785450-A120-4BC1-98E5-08DF004CD85A}"
EndProject
Project("{2150E333-8FDC-42A3-9474-1A3956D46DE8}") = "Repositories", "Repositories", "{38766E4E-D618-4B19-9C12-D055024063C1}"
EndProject
Project("{FAE04EC0-301F-11D3-BF4B-00C04F79EFBC}") = "PariPlayCars.Data.Repositories", "PariPlayCars.Data.Repositories\PariPlayCars.Data.Repositories.csproj", "{158F7233-DD12-4DAB-960F-6B35424D76B9}"
EndProject
Project("{FAE04EC0-301F-11D3-BF4B-00C04F79EFBC}") = "PariPlayCars.Data.Models", "PariPlayCars.Data.Models\PariPlayCars.Data.Models.csproj", "{4517582A-FCE2-44A1-A28C-9D16A49580D8}"
EndProject
Project("{2150E333-8FDC-42A3-9474-1A3956D46DE8}") = "NHibernate", "NHibernate", "{51D1AD05-8E0C-4BB0-A5F1-092A633ADB7D}"
EndProject
Project("{FAE04EC0-301F-11D3-BF4B-00C04F79EFBC}") = "PariPlayCars.Data.NHibernate", "PariPlayCars.Data.NHibernate\PariPlayCars.Data.NHibernate.csproj", "{B273A2F8-EF88-4EEB-81D6-CE778E6A6B08}"
EndProject
Global
	GlobalSection(SolutionConfigurationPlatforms) = preSolution
		Debug|Any CPU = Debug|Any CPU
		Release|Any CPU = Release|Any CPU
	EndGlobalSection
	GlobalSection(ProjectConfigurationPlatforms) = postSolution
		{3695CA51-2DD1-4A53-B786-9C11335DB1FE}.Debug|Any CPU.ActiveCfg = Debug|Any CPU
		{3695CA51-2DD1-4A53-B786-9C11335DB1FE}.Debug|Any CPU.Build.0 = Debug|Any CPU
		{3695CA51-2DD1-4A53-B786-9C11335DB1FE}.Release|Any CPU.ActiveCfg = Release|Any CPU
		{3695CA51-2DD1-4A53-B786-9C11335DB1FE}.Release|Any CPU.Build.0 = Release|Any CPU
		{7F503B67-1E6B-4973-8F49-C3A11CD4240A}.Debug|Any CPU.ActiveCfg = Debug|Any CPU
		{7F503B67-1E6B-4973-8F49-C3A11CD4240A}.Debug|Any CPU.Build.0 = Debug|Any CPU
		{7F503B67-1E6B-4973-8F49-C3A11CD4240A}.Release|Any CPU.ActiveCfg = Release|Any CPU
		{7F503B67-1E6B-4973-8F49-C3A11CD4240A}.Release|Any CPU.Build.0 = Release|Any CPU
		{54FDCD87-CEC3-491F-AC0D-7DEB0D98A9ED}.Debug|Any CPU.ActiveCfg = Debug|Any CPU
		{54FDCD87-CEC3-491F-AC0D-7DEB0D98A9ED}.Debug|Any CPU.Build.0 = Debug|Any CPU
		{54FDCD87-CEC3-491F-AC0D-7DEB0D98A9ED}.Release|Any CPU.ActiveCfg = Release|Any CPU
		{54FDCD87-CEC3-491F-AC0D-7DEB0D98A9ED}.Release|Any CPU.Build.0 = Release|Any CPU
		{6D848DBF-27F1-4D48-83BF-4226321D3B27}.Debug|Any CPU.ActiveCfg = Debug|Any CPU
		{6D848DBF-27F1-4D48-83BF-4226321D3B27}.Debug|Any CPU.Build.0 = Debug|Any CPU
		{6D848DBF-27F1-4D48-83BF-4226321D3B27}.Release|Any CPU.ActiveCfg = Release|Any CPU
		{6D848DBF-27F1-4D48-83BF-4226321D3B27}.Release|Any CPU.Build.0 = Release|Any CPU
		{EAE96A00-D7DE-4418-AC09-5127436E90EB}.Debug|Any CPU.ActiveCfg = Debug|Any CPU
		{EAE96A00-D7DE-4418-AC09-5127436E90EB}.Debug|Any CPU.Build.0 = Debug|Any CPU
		{EAE96A00-D7DE-4418-AC09-5127436E90EB}.Release|Any CPU.ActiveCfg = Release|Any CPU
		{EAE96A00-D7DE-4418-AC09-5127436E90EB}.Release|Any CPU.Build.0 = Release|Any CPU
		{2D785450-A120-4BC1-98E5-08DF004CD85A}.Debug|Any CPU.ActiveCfg = Debug|Any CPU
		{2D785450-A120-4BC1-98E5-08DF004CD85A}.Debug|Any CPU.Build.0 = Debug|Any CPU
		{2D785450-A120-4BC1-98E5-08DF004CD85A}.Release|Any CPU.ActiveCfg = Release|Any CPU
		{2D785450-A120-4BC1-98E5-08DF004CD85A}.Release|Any CPU.Build.0 = Release|Any CPU
		{158F7233-DD12-4DAB-960F-6B35424D76B9}.Debug|Any CPU.ActiveCfg = Debug|Any CPU
		{158F7233-DD12-4DAB-960F-6B35424D76B9}.Debug|Any CPU.Build.0 = Debug|Any CPU
		{158F7233-DD12-4DAB-960F-6B35424D76B9}.Release|Any CPU.ActiveCfg = Release|Any CPU
		{158F7233-DD12-4DAB-960F-6B35424D76B9}.Release|Any CPU.Build.0 = Release|Any CPU
		{4517582A-FCE2-44A1-A28C-9D16A49580D8}.Debug|Any CPU.ActiveCfg = Debug|Any CPU
		{4517582A-FCE2-44A1-A28C-9D16A49580D8}.Debug|Any CPU.Build.0 = Debug|Any CPU
		{4517582A-FCE2-44A1-A28C-9D16A49580D8}.Release|Any CPU.ActiveCfg = Release|Any CPU
		{4517582A-FCE2-44A1-A28C-9D16A49580D8}.Release|Any CPU.Build.0 = Release|Any CPU
		{B273A2F8-EF88-4EEB-81D6-CE778E6A6B08}.Debug|Any CPU.ActiveCfg = Debug|Any CPU
		{B273A2F8-EF88-4EEB-81D6-CE778E6A6B08}.Debug|Any CPU.Build.0 = Debug|Any CPU
		{B273A2F8-EF88-4EEB-81D6-CE778E6A6B08}.Release|Any CPU.ActiveCfg = Release|Any CPU
		{B273A2F8-EF88-4EEB-81D6-CE778E6A6B08}.Release|Any CPU.Build.0 = Release|Any CPU
	EndGlobalSection
	GlobalSection(SolutionProperties) = preSolution
		HideSolutionNode = FALSE
	EndGlobalSection
	GlobalSection(NestedProjects) = preSolution
		{3695CA51-2DD1-4A53-B786-9C11335DB1FE} = {F547631C-F104-4C51-8645-B2C622C1350F}
		{7F503B67-1E6B-4973-8F49-C3A11CD4240A} = {F547631C-F104-4C51-8645-B2C622C1350F}
		{54FDCD87-CEC3-491F-AC0D-7DEB0D98A9ED} = {5479B2B2-7D1A-437A-B477-E0C761710A35}
		{6D848DBF-27F1-4D48-83BF-4226321D3B27} = {AE576D5E-2989-445A-AACE-BCCAD206145C}
		{EAE96A00-D7DE-4418-AC09-5127436E90EB} = {CA9AD019-AAF0-4572-A249-100886D82C38}
		{85CC7A6F-253F-47D3-9B60-AA507D0CF0B5} = {5479B2B2-7D1A-437A-B477-E0C761710A35}
		{2D785450-A120-4BC1-98E5-08DF004CD85A} = {85CC7A6F-253F-47D3-9B60-AA507D0CF0B5}
		{38766E4E-D618-4B19-9C12-D055024063C1} = {5479B2B2-7D1A-437A-B477-E0C761710A35}
		{158F7233-DD12-4DAB-960F-6B35424D76B9} = {38766E4E-D618-4B19-9C12-D055024063C1}
		{4517582A-FCE2-44A1-A28C-9D16A49580D8} = {5479B2B2-7D1A-437A-B477-E0C761710A35}
		{51D1AD05-8E0C-4BB0-A5F1-092A633ADB7D} = {5479B2B2-7D1A-437A-B477-E0C761710A35}
		{B273A2F8-EF88-4EEB-81D6-CE778E6A6B08} = {51D1AD05-8E0C-4BB0-A5F1-092A633ADB7D}
	EndGlobalSection
	GlobalSection(ExtensibilityGlobals) = postSolution
		SolutionGuid = {5A81BED1-82A4-41CA-8327-49CC9A1FE4A0}
	EndGlobalSection
EndGlobal
