
Microsoft Visual Studio Solution File, Format Version 12.00
# Visual Studio Version 16
VisualStudioVersion = 16.0.33027.164
MinimumVisualStudioVersion = 10.0.40219.1
Project("{FAE04EC0-301F-11D3-BF4B-00C04F79EFBC}") = "PariPlayCars.Web", "PariPlayCars.Web\PariPlayCars.Web.csproj", "{3695CA51-2DD1-4A53-B786-9C11335DB1FE}"
EndProject
Project("{2150E333-8FDC-42A3-9474-1A3956D46DE8}") = "Web", "Web", "{F547631C-F104-4C51-8645-B2C622C1350F}"
EndProject
Project("{FAE04EC0-301F-11D3-BF4B-00C04F79EFBC}") = "PariPlayCars.WebAPI", "PariPlayCars.WebAPI\PariPlayCars.WebAPI.csproj", "{7F503B67-1E6B-4973-8F49-C3A11CD4240A}"
EndProject
Project("{2150E333-8FDC-42A3-9474-1A3956D46DE8}") = "Data", "Data", "{5479B2B2-7D1A-437A-B477-E0C761710A35}"
EndProject
Project("{FAE04EC0-301F-11D3-BF4B-00C04F79EFBC}") = "PariPlayCars.Data", "PariPlayCars.Data\PariPlayCars.Data.csproj", "{54FDCD87-CEC3-491F-AC0D-7DEB0D98A9ED}"
EndProject
Project("{FAE04EC0-301F-11D3-BF4B-00C04F79EFBC}") = "PariPlayCars.Data.Models", "PariPlayCars.Data.Models\PariPlayCars.Data.Models.csproj", "{EF59623F-D373-478F-9D2B-D0BE953BFDEA}"
EndProject
Project("{FAE04EC0-301F-11D3-BF4B-00C04F79EFBC}") = "PariPlayCars.Data.Common", "PariPlayCars.Data.Common\PariPlayCars.Data.Common.csproj", "{17BFB6CD-C2C4-4B15-9FBA-058800F4E5F8}"
EndProject
Project("{2150E333-8FDC-42A3-9474-1A3956D46DE8}") = "Services", "Services", "{AE576D5E-2989-445A-AACE-BCCAD206145C}"
EndProject
Project("{FAE04EC0-301F-11D3-BF4B-00C04F79EFBC}") = "PariPlayCars.Services.DataServices", "PariPlayCars.Services.DataServices\PariPlayCars.Services.DataServices.csproj", "{6D848DBF-27F1-4D48-83BF-4226321D3B27}"
EndProject
Global
	GlobalSection(SolutionConfigurationPlatforms) = preSolution
		Debug|Any CPU = Debug|Any CPU
		Release|Any CPU = Release|Any CPU
	EndGlobalSection
	GlobalSection(ProjectConfigurationPlatforms) = postSolution
		{3695CA51-2DD1-4A53-B786-9C11335DB1FE}.Debug|Any CPU.ActiveCfg = Debug|Any CPU
		{3695CA51-2DD1-4A53-B786-9C11335DB1FE}.Debug|Any CPU.Build.0 = Debug|Any CPU
		{3695CA51-2DD1-4A53-B786-9C11335DB1FE}.Release|Any CPU.ActiveCfg = Release|Any CPU
		{3695CA51-2DD1-4A53-B786-9C11335DB1FE}.Release|Any CPU.Build.0 = Release|Any CPU
		{7F503B67-1E6B-4973-8F49-C3A11CD4240A}.Debug|Any CPU.ActiveCfg = Debug|Any CPU
		{7F503B67-1E6B-4973-8F49-C3A11CD4240A}.Debug|Any CPU.Build.0 = Debug|Any CPU
		{7F503B67-1E6B-4973-8F49-C3A11CD4240A}.Release|Any CPU.ActiveCfg = Release|Any CPU
		{7F503B67-1E6B-4973-8F49-C3A11CD4240A}.Release|Any CPU.Build.0 = Release|Any CPU
		{54FDCD87-CEC3-491F-AC0D-7DEB0D98A9ED}.Debug|Any CPU.ActiveCfg = Debug|Any CPU
		{54FDCD87-CEC3-491F-AC0D-7DEB0D98A9ED}.Debug|Any CPU.Build.0 = Debug|Any CPU
		{54FDCD87-CEC3-491F-AC0D-7DEB0D98A9ED}.Release|Any CPU.ActiveCfg = Release|Any CPU
		{54FDCD87-CEC3-491F-AC0D-7DEB0D98A9ED}.Release|Any CPU.Build.0 = Release|Any CPU
		{EF59623F-D373-478F-9D2B-D0BE953BFDEA}.Debug|Any CPU.ActiveCfg = Debug|Any CPU
		{EF59623F-D373-478F-9D2B-D0BE953BFDEA}.Debug|Any CPU.Build.0 = Debug|Any CPU
		{EF59623F-D373-478F-9D2B-D0BE953BFDEA}.Release|Any CPU.ActiveCfg = Release|Any CPU
		{EF59623F-D373-478F-9D2B-D0BE953BFDEA}.Release|Any CPU.Build.0 = Release|Any CPU
		{17BFB6CD-C2C4-4B15-9FBA-058800F4E5F8}.Debug|Any CPU.ActiveCfg = Debug|Any CPU
		{17BFB6CD-C2C4-4B15-9FBA-058800F4E5F8}.Debug|Any CPU.Build.0 = Debug|Any CPU
		{17BFB6CD-C2C4-4B15-9FBA-058800F4E5F8}.Release|Any CPU.ActiveCfg = Release|Any CPU
		{17BFB6CD-C2C4-4B15-9FBA-058800F4E5F8}.Release|Any CPU.Build.0 = Release|Any CPU
		{6D848DBF-27F1-4D48-83BF-4226321D3B27}.Debug|Any CPU.ActiveCfg = Debug|Any CPU
		{6D848DBF-27F1-4D48-83BF-4226321D3B27}.Debug|Any CPU.Build.0 = Debug|Any CPU
		{6D848DBF-27F1-4D48-83BF-4226321D3B27}.Release|Any CPU.ActiveCfg = Release|Any CPU
		{6D848DBF-27F1-4D48-83BF-4226321D3B27}.Release|Any CPU.Build.0 = Release|Any CPU
	EndGlobalSection
	GlobalSection(SolutionProperties) = preSolution
		HideSolutionNode = FALSE
	EndGlobalSection
	GlobalSection(NestedProjects) = preSolution
		{3695CA51-2DD1-4A53-B786-9C11335DB1FE} = {F547631C-F104-4C51-8645-B2C622C1350F}
		{7F503B67-1E6B-4973-8F49-C3A11CD4240A} = {F547631C-F104-4C51-8645-B2C622C1350F}
		{54FDCD87-CEC3-491F-AC0D-7DEB0D98A9ED} = {5479B2B2-7D1A-437A-B477-E0C761710A35}
		{EF59623F-D373-478F-9D2B-D0BE953BFDEA} = {5479B2B2-7D1A-437A-B477-E0C761710A35}
		{17BFB6CD-C2C4-4B15-9FBA-058800F4E5F8} = {5479B2B2-7D1A-437A-B477-E0C761710A35}
		{6D848DBF-27F1-4D48-83BF-4226321D3B27} = {AE576D5E-2989-445A-AACE-BCCAD206145C}
	EndGlobalSection
	GlobalSection(ExtensibilityGlobals) = postSolution
		SolutionGuid = {5A81BED1-82A4-41CA-8327-49CC9A1FE4A0}
	EndGlobalSection
EndGlobal
